github.com/gofrs/uuid/v5 v5.4.0 h1:EfbpCTjqMuGyq5ZJwxqzn3Cbr2d0rUZU7v5ycAk/e/0=
github.com/gofrs/uuid/v5 v5.4.0/go.mod h1:CDOjlDMVAtN56jqyRUZh58JT31Tiw7/oQyEXZV+9bD8=
github.com/gophercloud/gophercloud/v2 v2.12.0 h1:Gxmc/Bog1UDKkxTcQW7MSPTDviJXpLeEgVeN5KrxoCo=
github.com/gophercloud/gophercloud/v2 v2.12.0/go.mod h1:H7TTOxbLy8RIaHSNhI2GCrWIzw4Xpw8Xn2mBhCUT5kA=
github.com/gophercloud/utils/v2 v2.0.0-20260424064311-2eeed4ceb3e9 h1:WEPhYFzYmpfWHq+YPaP3+8pYf4wKQuJMkgPiiI4g7CY=
github.com/gophercloud/utils/v2 v2.0.0-20260424064311-2eeed4ceb3e9/go.mod h1:bIEH+wgvnxfegUewFuGi0u/L+ji5uiEuVVQMNKQASEY=
github.com/sapcc/go-api-declarations v1.22.0 h1:nU/eJ6OO54Z9YSo1gWinD0A2etrfZObCwYdB9xA0VWE=
github.com/sapcc/go-api-declarations v1.22.0/go.mod h1:x3V8bzg7Y4kmbA+DeWWwKteFEdCCSiVQdwRXj4fGAYY=
go.xyrillian.de/gg v1.7.0 h1:IA0BJaX9TtBD7crH+CSoK4lYmBk5zi7nUQd0YRzPNf0=
go.xyrillian.de/gg v1.7.0/go.mod h1:dj+ZhCwC6JKWyFvImhVNXQAErrRcYMUkXu6vwWYNrzQ=
golang.org/x/sys v0.45.0 h1:dO4czNzziLiiXplLQgBCEpCvXQ3dnkn0SdaZSYdQ+FY=
golang.org/x/sys v0.45.0/go.mod h1:4GL1E5IUh+htKOUEOaiffhrAeqysfVGipDYzABqnCmw=
golang.org/x/text v0.37.0 h1:Cqjiwd9eSg8e0QAkyCaQTNHFIIzWtidPahFWR83rTrc=
golang.org/x/text v0.37.0/go.mod h1:a5sjxXGs9hsn/AJVwuElvCAo9v8QYLzvavO5z2PiM38=
gopkg.in/check.v1 v0.0.0-20161208181325-20d25e280405 h1:yhCVgyC4o1eVCa2tZl7eS0r+SDo693bJlVdllGtEeKM=
gopkg.in/check.v1 v0.0.0-20161208181325-20d25e280405/go.mod h1:Co6ibVJAznAaIkqp8huTwlJQCZ016jof/cbN4VW5Yz0=
gopkg.in/yaml.v3 v3.0.1 h1:fxVm/GzAzEWqLHuvctI91KS9hhNmmWOoWu0XTYJS7CA=
gopkg.in/yaml.v3 v3.0.1/go.mod h1:K4uyk7z7BCEPqu6E+C64Yfv1cQ7kz7rIZviUmN+EgEM=
