github.com/gophercloud/gophercloud v0.0.0-20190212181753-892256c46858/go.mod h1:vxM41WHh5uqHVBMZHzuwNOHh8XEoIEcSTewFxm1c5g8=
github.com/gophercloud/gophercloud v0.1.0 h1:P/nh25+rzXouhytV2pUHBb65fnds26Ghl8/391+sT5o=
github.com/gophercloud/gophercloud v0.1.0/go.mod h1:vxM41WHh5uqHVBMZHzuwNOHh8XEoIEcSTewFxm1c5g8=
github.com/gophercloud/utils v0.0.0-20190313033024-0bcc8e728cb5 h1:8USoe8m65WcTOYy+MUu+EtLJJysSODnoNDNCEWhDMso=
github.com/gophercloud/utils v0.0.0-20190313033024-0bcc8e728cb5/go.mod h1:SZ9FTKibIotDtCrxAU/evccoyu1yhKST6hgBvwTB5Eg=
github.com/hashicorp/go-uuid v1.0.1/go.mod h1:6SBZvOh/SIDV7/2o3Jml5SYk/TvGqwFJ/bN7x4byOro=
github.com/mitchellh/go-homedir v1.1.0/go.mod h1:SfyaCUpYCn1Vlf4IUYiD9fPX4A5wJrkLzIz1N1q0pr0=
github.com/sapcc/limes v0.0.0-20190311092800-fb212143c5f5 h1:X2CPf4pXZoq83mhAjfnEXp8p0AmyoXn0zPcZgoOGGd8=
github.com/sapcc/limes v0.0.0-20190311092800-fb212143c5f5/go.mod h1:Fq0sDroTbraRqiS+OWjf8GFMREFVgrF8nhvJ76SgAk4=
golang.org/x/crypto v0.0.0-20190211182817-74369b46fc67/go.mod h1:6SG95UA2DQfeDnfUPMdvaQW0Q7yPrPDi9nlGo2tz2b4=
golang.org/x/sys v0.0.0-20190209173611-3b5209105503/go.mod h1:STP8DvDyc/dI5b8T5hshtkjS+E42TnysNCUPdjciGhY=
gopkg.in/check.v1 v0.0.0-20161208181325-20d25e280405/go.mod h1:Co6ibVJAznAaIkqp8huTwlJQCZ016jof/cbN4VW5Yz0=
gopkg.in/yaml.v2 v2.2.2 h1:ZCJp+EgiOT7lHqUV2J862kp8Qj64Jo6az82+3Td9dZw=
gopkg.in/yaml.v2 v2.2.2/go.mod h1:hI93XBmqTisBFMUTm0b8Fm+jr3Dg1NNxqwp+5A1VGuI=
