# This file is autogenerated, do not edit; changes may be undone by the next 'dep ensure'.


[[projects]]
  branch = "master"
  name = "github.com/databus23/goslo.policy"
  packages = ["."]
  revision = "3ae74dd07ebf48d1f2babbd1d2177cd1878a09ee"

[[projects]]
  branch = "master"
  name = "github.com/gophercloud/gophercloud"
  packages = [
    ".",
    "openstack",
    "openstack/identity/v2/tenants",
    "openstack/identity/v2/tokens",
    "openstack/identity/v3/tokens",
    "openstack/utils",
    "pagination",
    "testhelper",
    "testhelper/client"
  ]
  revision = "4d8e78ba7b0e1017a7a37401105df42ac7d498c1"

[[projects]]
  branch = "master"
  name = "github.com/lib/pq"
  packages = [
    ".",
    "oid"
  ]
  revision = "90697d60dd844d5ef6ff15135d0203f65d2f53b8"

[[projects]]
  branch = "master"
  name = "github.com/majewsky/sqlproxy"
  packages = ["."]
  revision = "66c34829b29db560c3ef23289cc61f688426822a"

[[projects]]
  name = "github.com/mattes/migrate"
  packages = [
    ".",
    "database",
    "source",
    "source/go-bindata"
  ]
  revision = "035c07716cd373d88456ec4d701402df52584cb4"
  version = "v3.0.1"

[[projects]]
  branch = "master"
  name = "github.com/sapcc/limes"
  packages = [
    "pkg/db",
    "pkg/dbdata",
    "pkg/limes",
    "pkg/reports",
    "pkg/util"
  ]
  revision = "2e4f84afc1d8e793783016caf9b7c73e09b0c685"

[[projects]]
  name = "gopkg.in/gorp.v2"
  packages = ["."]
  revision = "4df78490a9aa9a78b9b02b0c913df8dc1954faee"
  version = "2.1"

[[projects]]
  name = "gopkg.in/yaml.v2"
  packages = ["."]
  revision = "5420a8b6744d3b0345ab293f6fcba19c978f1183"
  version = "v2.2.1"

[solve-meta]
  analyzer-name = "dep"
  analyzer-version = 1
  inputs-digest = "b8f44b620f88c7fe13dc1bec6a6cc5b75d6b6ef7ec3e518c9e8960e3c6843181"
  solver-name = "gps-cdcl"
  solver-version = 1
